
Microsoft Visual Studio Solution File, Format Version 12.00
# Visual Studio Version 17
VisualStudioVersion = 17.7.34031.279
MinimumVisualStudioVersion = 10.0.40219.1
Project("{8BC9CEB8-8B4A-11D0-8D11-00A0C91BC942}") = "os06_01", "lab6\lab6.vcxproj", "{4600CB7A-9AC6-46EA-BC42-7C5DE1FFB45C}"
EndProject
Project("{8BC9CEB8-8B4A-11D0-8D11-00A0C91BC942}") = "os06_02", "os06_02\os06_02.vcxproj", "{EDC89048-FAAC-4EC4-8EA9-9A204C5C035D}"
EndProject
Project("{8BC9CEB8-8B4A-11D0-8D11-00A0C91BC942}") = "os06_03", "os06_03\os06_03.vcxproj", "{987505E6-FEE2-4F90-8A6E-AA4264F5AA5D}"
EndProject
Project("{8BC9CEB8-8B4A-11D0-8D11-00A0C91BC942}") = "os06_03A", "os06_03A\os06_03A.vcxproj", "{932BE400-0B2F-407C-BE46-AE0555E8D000}"
EndProject
Project("{8BC9CEB8-8B4A-11D0-8D11-00A0C91BC942}") = "os06_03B", "os06_03B\os06_03B.vcxproj", "{227F53C5-B130-4544-8C75-4E5006DBA34C}"
EndProject
Project("{8BC9CEB8-8B4A-11D0-8D11-00A0C91BC942}") = "os06_04", "os06_04\os06_04.vcxproj", "{3081B720-CA54-4DD3-982D-1A5D25662092}"
EndProject
Project("{8BC9CEB8-8B4A-11D0-8D11-00A0C91BC942}") = "os06_04A", "os06_04A\os06_04A.vcxproj", "{B5636511-B682-4F7B-AEF6-288D031B5023}"
EndProject
Project("{8BC9CEB8-8B4A-11D0-8D11-00A0C91BC942}") = "os06_04B", "os06_04B\os06_04B.vcxproj", "{87D7802A-3889-43FB-836D-20AACEBEE251}"
EndProject
Project("{8BC9CEB8-8B4A-11D0-8D11-00A0C91BC942}") = "os06_05", "os06_05\os06_05.vcxproj", "{1D587DB0-467B-434A-9EFB-A97ABC54398F}"
EndProject
Project("{8BC9CEB8-8B4A-11D0-8D11-00A0C91BC942}") = "os06_05A", "os06_05A\os06_05A.vcxproj", "{57A656DE-3278-4258-8083-E1E21EF1BD42}"
EndProject
Project("{8BC9CEB8-8B4A-11D0-8D11-00A0C91BC942}") = "os06_05B", "os06_05B\os06_05B.vcxproj", "{C924741F-7561-454F-A7BA-D707A44E4BD2}"
EndProject
Global
	GlobalSection(SolutionConfigurationPlatforms) = preSolution
		Debug|x64 = Debug|x64
		Debug|x86 = Debug|x86
		Release|x64 = Release|x64
		Release|x86 = Release|x86
	EndGlobalSection
	GlobalSection(ProjectConfigurationPlatforms) = postSolution
		{4600CB7A-9AC6-46EA-BC42-7C5DE1FFB45C}.Debug|x64.ActiveCfg = Debug|x64
		{4600CB7A-9AC6-46EA-BC42-7C5DE1FFB45C}.Debug|x64.Build.0 = Debug|x64
		{4600CB7A-9AC6-46EA-BC42-7C5DE1FFB45C}.Debug|x86.ActiveCfg = Debug|Win32
		{4600CB7A-9AC6-46EA-BC42-7C5DE1FFB45C}.Debug|x86.Build.0 = Debug|Win32
		{4600CB7A-9AC6-46EA-BC42-7C5DE1FFB45C}.Release|x64.ActiveCfg = Release|x64
		{4600CB7A-9AC6-46EA-BC42-7C5DE1FFB45C}.Release|x64.Build.0 = Release|x64
		{4600CB7A-9AC6-46EA-BC42-7C5DE1FFB45C}.Release|x86.ActiveCfg = Release|Win32
		{4600CB7A-9AC6-46EA-BC42-7C5DE1FFB45C}.Release|x86.Build.0 = Release|Win32
		{EDC89048-FAAC-4EC4-8EA9-9A204C5C035D}.Debug|x64.ActiveCfg = Debug|x64
		{EDC89048-FAAC-4EC4-8EA9-9A204C5C035D}.Debug|x64.Build.0 = Debug|x64
		{EDC89048-FAAC-4EC4-8EA9-9A204C5C035D}.Debug|x86.ActiveCfg = Debug|Win32
		{EDC89048-FAAC-4EC4-8EA9-9A204C5C035D}.Debug|x86.Build.0 = Debug|Win32
		{EDC89048-FAAC-4EC4-8EA9-9A204C5C035D}.Release|x64.ActiveCfg = Release|x64
		{EDC89048-FAAC-4EC4-8EA9-9A204C5C035D}.Release|x64.Build.0 = Release|x64
		{EDC89048-FAAC-4EC4-8EA9-9A204C5C035D}.Release|x86.ActiveCfg = Release|Win32
		{EDC89048-FAAC-4EC4-8EA9-9A204C5C035D}.Release|x86.Build.0 = Release|Win32
		{987505E6-FEE2-4F90-8A6E-AA4264F5AA5D}.Debug|x64.ActiveCfg = Debug|x64
		{987505E6-FEE2-4F90-8A6E-AA4264F5AA5D}.Debug|x64.Build.0 = Debug|x64
		{987505E6-FEE2-4F90-8A6E-AA4264F5AA5D}.Debug|x86.ActiveCfg = Debug|Win32
		{987505E6-FEE2-4F90-8A6E-AA4264F5AA5D}.Debug|x86.Build.0 = Debug|Win32
		{987505E6-FEE2-4F90-8A6E-AA4264F5AA5D}.Release|x64.ActiveCfg = Release|x64
		{987505E6-FEE2-4F90-8A6E-AA4264F5AA5D}.Release|x64.Build.0 = Release|x64
		{987505E6-FEE2-4F90-8A6E-AA4264F5AA5D}.Release|x86.ActiveCfg = Release|Win32
		{987505E6-FEE2-4F90-8A6E-AA4264F5AA5D}.Release|x86.Build.0 = Release|Win32
		{932BE400-0B2F-407C-BE46-AE0555E8D000}.Debug|x64.ActiveCfg = Debug|x64
		{932BE400-0B2F-407C-BE46-AE0555E8D000}.Debug|x64.Build.0 = Debug|x64
		{932BE400-0B2F-407C-BE46-AE0555E8D000}.Debug|x86.ActiveCfg = Debug|Win32
		{932BE400-0B2F-407C-BE46-AE0555E8D000}.Debug|x86.Build.0 = Debug|Win32
		{932BE400-0B2F-407C-BE46-AE0555E8D000}.Release|x64.ActiveCfg = Release|x64
		{932BE400-0B2F-407C-BE46-AE0555E8D000}.Release|x64.Build.0 = Release|x64
		{932BE400-0B2F-407C-BE46-AE0555E8D000}.Release|x86.ActiveCfg = Release|Win32
		{932BE400-0B2F-407C-BE46-AE0555E8D000}.Release|x86.Build.0 = Release|Win32
		{227F53C5-B130-4544-8C75-4E5006DBA34C}.Debug|x64.ActiveCfg = Debug|x64
		{227F53C5-B130-4544-8C75-4E5006DBA34C}.Debug|x64.Build.0 = Debug|x64
		{227F53C5-B130-4544-8C75-4E5006DBA34C}.Debug|x86.ActiveCfg = Debug|Win32
		{227F53C5-B130-4544-8C75-4E5006DBA34C}.Debug|x86.Build.0 = Debug|Win32
		{227F53C5-B130-4544-8C75-4E5006DBA34C}.Release|x64.ActiveCfg = Release|x64
		{227F53C5-B130-4544-8C75-4E5006DBA34C}.Release|x64.Build.0 = Release|x64
		{227F53C5-B130-4544-8C75-4E5006DBA34C}.Release|x86.ActiveCfg = Release|Win32
		{227F53C5-B130-4544-8C75-4E5006DBA34C}.Release|x86.Build.0 = Release|Win32
		{3081B720-CA54-4DD3-982D-1A5D25662092}.Debug|x64.ActiveCfg = Debug|x64
		{3081B720-CA54-4DD3-982D-1A5D25662092}.Debug|x64.Build.0 = Debug|x64
		{3081B720-CA54-4DD3-982D-1A5D25662092}.Debug|x86.ActiveCfg = Debug|Win32
		{3081B720-CA54-4DD3-982D-1A5D25662092}.Debug|x86.Build.0 = Debug|Win32
		{3081B720-CA54-4DD3-982D-1A5D25662092}.Release|x64.ActiveCfg = Release|x64
		{3081B720-CA54-4DD3-982D-1A5D25662092}.Release|x64.Build.0 = Release|x64
		{3081B720-CA54-4DD3-982D-1A5D25662092}.Release|x86.ActiveCfg = Release|Win32
		{3081B720-CA54-4DD3-982D-1A5D25662092}.Release|x86.Build.0 = Release|Win32
		{B5636511-B682-4F7B-AEF6-288D031B5023}.Debug|x64.ActiveCfg = Debug|x64
		{B5636511-B682-4F7B-AEF6-288D031B5023}.Debug|x64.Build.0 = Debug|x64
		{B5636511-B682-4F7B-AEF6-288D031B5023}.Debug|x86.ActiveCfg = Debug|Win32
		{B5636511-B682-4F7B-AEF6-288D031B5023}.Debug|x86.Build.0 = Debug|Win32
		{B5636511-B682-4F7B-AEF6-288D031B5023}.Release|x64.ActiveCfg = Release|x64
		{B5636511-B682-4F7B-AEF6-288D031B5023}.Release|x64.Build.0 = Release|x64
		{B5636511-B682-4F7B-AEF6-288D031B5023}.Release|x86.ActiveCfg = Release|Win32
		{B5636511-B682-4F7B-AEF6-288D031B5023}.Release|x86.Build.0 = Release|Win32
		{87D7802A-3889-43FB-836D-20AACEBEE251}.Debug|x64.ActiveCfg = Debug|x64
		{87D7802A-3889-43FB-836D-20AACEBEE251}.Debug|x64.Build.0 = Debug|x64
		{87D7802A-3889-43FB-836D-20AACEBEE251}.Debug|x86.ActiveCfg = Debug|Win32
		{87D7802A-3889-43FB-836D-20AACEBEE251}.Debug|x86.Build.0 = Debug|Win32
		{87D7802A-3889-43FB-836D-20AACEBEE251}.Release|x64.ActiveCfg = Release|x64
		{87D7802A-3889-43FB-836D-20AACEBEE251}.Release|x64.Build.0 = Release|x64
		{87D7802A-3889-43FB-836D-20AACEBEE251}.Release|x86.ActiveCfg = Release|Win32
		{87D7802A-3889-43FB-836D-20AACEBEE251}.Release|x86.Build.0 = Release|Win32
		{1D587DB0-467B-434A-9EFB-A97ABC54398F}.Debug|x64.ActiveCfg = Debug|x64
		{1D587DB0-467B-434A-9EFB-A97ABC54398F}.Debug|x64.Build.0 = Debug|x64
		{1D587DB0-467B-434A-9EFB-A97ABC54398F}.Debug|x86.ActiveCfg = Debug|Win32
		{1D587DB0-467B-434A-9EFB-A97ABC54398F}.Debug|x86.Build.0 = Debug|Win32
		{1D587DB0-467B-434A-9EFB-A97ABC54398F}.Release|x64.ActiveCfg = Release|x64
		{1D587DB0-467B-434A-9EFB-A97ABC54398F}.Release|x64.Build.0 = Release|x64
		{1D587DB0-467B-434A-9EFB-A97ABC54398F}.Release|x86.ActiveCfg = Release|Win32
		{1D587DB0-467B-434A-9EFB-A97ABC54398F}.Release|x86.Build.0 = Release|Win32
		{57A656DE-3278-4258-8083-E1E21EF1BD42}.Debug|x64.ActiveCfg = Debug|x64
		{57A656DE-3278-4258-8083-E1E21EF1BD42}.Debug|x64.Build.0 = Debug|x64
		{57A656DE-3278-4258-8083-E1E21EF1BD42}.Debug|x86.ActiveCfg = Debug|Win32
		{57A656DE-3278-4258-8083-E1E21EF1BD42}.Debug|x86.Build.0 = Debug|Win32
		{57A656DE-3278-4258-8083-E1E21EF1BD42}.Release|x64.ActiveCfg = Release|x64
		{57A656DE-3278-4258-8083-E1E21EF1BD42}.Release|x64.Build.0 = Release|x64
		{57A656DE-3278-4258-8083-E1E21EF1BD42}.Release|x86.ActiveCfg = Release|Win32
		{57A656DE-3278-4258-8083-E1E21EF1BD42}.Release|x86.Build.0 = Release|Win32
		{C924741F-7561-454F-A7BA-D707A44E4BD2}.Debug|x64.ActiveCfg = Debug|x64
		{C924741F-7561-454F-A7BA-D707A44E4BD2}.Debug|x64.Build.0 = Debug|x64
		{C924741F-7561-454F-A7BA-D707A44E4BD2}.Debug|x86.ActiveCfg = Debug|Win32
		{C924741F-7561-454F-A7BA-D707A44E4BD2}.Debug|x86.Build.0 = Debug|Win32
		{C924741F-7561-454F-A7BA-D707A44E4BD2}.Release|x64.ActiveCfg = Release|x64
		{C924741F-7561-454F-A7BA-D707A44E4BD2}.Release|x64.Build.0 = Release|x64
		{C924741F-7561-454F-A7BA-D707A44E4BD2}.Release|x86.ActiveCfg = Release|Win32
		{C924741F-7561-454F-A7BA-D707A44E4BD2}.Release|x86.Build.0 = Release|Win32
	EndGlobalSection
	GlobalSection(SolutionProperties) = preSolution
		HideSolutionNode = FALSE
	EndGlobalSection
	GlobalSection(ExtensibilityGlobals) = postSolution
		SolutionGuid = {8024A85C-0FD5-4480-AF61-DB2ED490EA0B}
	EndGlobalSection
EndGlobal
